// !$*UTF8*$!
{
	archiveVersion = 1;
	classes = {
	};
	objectVersion = 46;
	objects = {

/* Begin PBXBuildFile section */
		5D0618F41B147A8200C3DF27 /* CameraManager.swift in Sources */ = {isa = PBXBuildFile; fileRef = 5D0618F31B147A8200C3DF27 /* CameraManager.swift */; };
		5D533BB11B13124D00EAFBEF /* MyBridgeHeader.m in Sources */ = {isa = PBXBuildFile; fileRef = 5D533BB01B13124D00EAFBEF /* MyBridgeHeader.m */; };
		5D7FEE261B0ED22400310DED /* AppDelegate.swift in Sources */ = {isa = PBXBuildFile; fileRef = 5D7FEE251B0ED22400310DED /* AppDelegate.swift */; };
		5D7FEE281B0ED22400310DED /* ViewController.swift in Sources */ = {isa = PBXBuildFile; fileRef = 5D7FEE271B0ED22400310DED /* ViewController.swift */; };
		5D7FEE2B1B0ED22400310DED /* Main.storyboard in Resources */ = {isa = PBXBuildFile; fileRef = 5D7FEE291B0ED22400310DED /* Main.storyboard */; };
		5D7FEE2D1B0ED22400310DED /* Images.xcassets in Resources */ = {isa = PBXBuildFile; fileRef = 5D7FEE2C1B0ED22400310DED /* Images.xcassets */; };
		5D7FEE301B0ED22400310DED /* LaunchScreen.xib in Resources */ = {isa = PBXBuildFile; fileRef = 5D7FEE2E1B0ED22400310DED /* LaunchScreen.xib */; };
		5D7FEE3C1B0ED22400310DED /* GCodeCameraTests.swift in Sources */ = {isa = PBXBuildFile; fileRef = 5D7FEE3B1B0ED22400310DED /* GCodeCameraTests.swift */; };
		5D7FEE461B0ED29E00310DED /* SettingController.swift in Sources */ = {isa = PBXBuildFile; fileRef = 5D7FEE451B0ED29E00310DED /* SettingController.swift */; };
		5D7FEE481B0ED40900310DED /* Setting.swift in Sources */ = {isa = PBXBuildFile; fileRef = 5D7FEE471B0ED40900310DED /* Setting.swift */; };
		5D7FEE4A1B0EF7E200310DED /* SettingCell.swift in Sources */ = {isa = PBXBuildFile; fileRef = 5D7FEE491B0EF7E200310DED /* SettingCell.swift */; };
		5D7FEE4C1B0F077700310DED /* Common.swift in Sources */ = {isa = PBXBuildFile; fileRef = 5D7FEE4B1B0F077700310DED /* Common.swift */; };
		5D7FEE521B0F30CF00310DED /* MyExtensions.swift in Sources */ = {isa = PBXBuildFile; fileRef = 5D7FEE511B0F30CF00310DED /* MyExtensions.swift */; };
		5D7FEE541B0F325300310DED /* TagAlertController.swift in Sources */ = {isa = PBXBuildFile; fileRef = 5D7FEE531B0F325300310DED /* TagAlertController.swift */; };
		5DB3412D1B1D52F400694382 /* GCodeParser.swift in Sources */ = {isa = PBXBuildFile; fileRef = 5DB3412C1B1D52F400694382 /* GCodeParser.swift */; };
		5DB3412F1B1D549400694382 /* SeeClass.swift in Sources */ = {isa = PBXBuildFile; fileRef = 5DB3412E1B1D549400694382 /* SeeClass.swift */; };
		5DB341311B1D77DB00694382 /* StreamReader.swift in Sources */ = {isa = PBXBuildFile; fileRef = 5DB341301B1D77DB00694382 /* StreamReader.swift */; };
		5DC639C11B158EBC004ED2D4 /* CaptureView.m in Sources */ = {isa = PBXBuildFile; fileRef = 5DC639C01B158EBC004ED2D4 /* CaptureView.m */; };
		5DC639C41B158EE9004ED2D4 /* QuartzCore.framework in Frameworks */ = {isa = PBXBuildFile; fileRef = 5DC639C31B158EE9004ED2D4 /* QuartzCore.framework */; };
/* End PBXBuildFile section */

/* Begin PBXContainerItemProxy section */
		5D7FEE361B0ED22400310DED /* PBXContainerItemProxy */ = {
			isa = PBXContainerItemProxy;
			containerPortal = 5D7FEE181B0ED22400310DED /* Project object */;
			proxyType = 1;
			remoteGlobalIDString = 5D7FEE1F1B0ED22400310DED;
			remoteInfo = GCodeCamera;
		};
/* End PBXContainerItemProxy section */

/* Begin PBXFileReference section */
		5D0618F31B147A8200C3DF27 /* CameraManager.swift */ = {isa = PBXFileReference; fileEncoding = 4; lastKnownFileType = sourcecode.swift; path = CameraManager.swift; sourceTree = "<group>"; };
		5D533BAF1B13124C00EAFBEF /* GCodeCamera-Bridging-Header.h */ = {isa = PBXFileReference; lastKnownFileType = sourcecode.c.h; path = "GCodeCamera-Bridging-Header.h"; sourceTree = "<group>"; };
		5D533BB01B13124D00EAFBEF /* MyBridgeHeader.m */ = {isa = PBXFileReference; fileEncoding = 4; lastKnownFileType = sourcecode.c.objc; path = MyBridgeHeader.m; sourceTree = "<group>"; };
		5D533BB21B131DFE00EAFBEF /* GCodeCamera.entitlements */ = {isa = PBXFileReference; lastKnownFileType = text.xml; path = GCodeCamera.entitlements; sourceTree = "<group>"; };
		5D7FEE201B0ED22400310DED /* GCodeCamera.app */ = {isa = PBXFileReference; explicitFileType = wrapper.application; includeInIndex = 0; path = GCodeCamera.app; sourceTree = BUILT_PRODUCTS_DIR; };
		5D7FEE241B0ED22400310DED /* Info.plist */ = {isa = PBXFileReference; lastKnownFileType = text.plist.xml; path = Info.plist; sourceTree = "<group>"; };
		5D7FEE251B0ED22400310DED /* AppDelegate.swift */ = {isa = PBXFileReference; lastKnownFileType = sourcecode.swift; path = AppDelegate.swift; sourceTree = "<group>"; };
		5D7FEE271B0ED22400310DED /* ViewController.swift */ = {isa = PBXFileReference; lastKnownFileType = sourcecode.swift; path = ViewController.swift; sourceTree = "<group>"; };
		5D7FEE2A1B0ED22400310DED /* Base */ = {isa = PBXFileReference; lastKnownFileType = file.storyboard; name = Base; path = Base.lproj/Main.storyboard; sourceTree = "<group>"; };
		5D7FEE2C1B0ED22400310DED /* Images.xcassets */ = {isa = PBXFileReference; lastKnownFileType = folder.assetcatalog; path = Images.xcassets; sourceTree = "<group>"; };
		5D7FEE2F1B0ED22400310DED /* Base */ = {isa = PBXFileReference; lastKnownFileType = file.xib; name = Base; path = Base.lproj/LaunchScreen.xib; sourceTree = "<group>"; };
		5D7FEE351B0ED22400310DED /* GCodeCameraTests.xctest */ = {isa = PBXFileReference; explicitFileType = wrapper.cfbundle; includeInIndex = 0; path = GCodeCameraTests.xctest; sourceTree = BUILT_PRODUCTS_DIR; };
		5D7FEE3A1B0ED22400310DED /* Info.plist */ = {isa = PBXFileReference; lastKnownFileType = text.plist.xml; path = Info.plist; sourceTree = "<group>"; };
		5D7FEE3B1B0ED22400310DED /* GCodeCameraTests.swift */ = {isa = PBXFileReference; lastKnownFileType = sourcecode.swift; path = GCodeCameraTests.swift; sourceTree = "<group>"; };
		5D7FEE451B0ED29E00310DED /* SettingController.swift */ = {isa = PBXFileReference; fileEncoding = 4; lastKnownFileType = sourcecode.swift; path = SettingController.swift; sourceTree = "<group>"; };
		5D7FEE471B0ED40900310DED /* Setting.swift */ = {isa = PBXFileReference; fileEncoding = 4; lastKnownFileType = sourcecode.swift; path = Setting.swift; sourceTree = "<group>"; };
		5D7FEE491B0EF7E200310DED /* SettingCell.swift */ = {isa = PBXFileReference; fileEncoding = 4; lastKnownFileType = sourcecode.swift; path = SettingCell.swift; sourceTree = "<group>"; };
		5D7FEE4B1B0F077700310DED /* Common.swift */ = {isa = PBXFileReference; fileEncoding = 4; lastKnownFileType = sourcecode.swift; path = Common.swift; sourceTree = "<group>"; };
		5D7FEE511B0F30CF00310DED /* MyExtensions.swift */ = {isa = PBXFileReference; fileEncoding = 4; lastKnownFileType = sourcecode.swift; path = MyExtensions.swift; sourceTree = "<group>"; };
		5D7FEE531B0F325300310DED /* TagAlertController.swift */ = {isa = PBXFileReference; fileEncoding = 4; lastKnownFileType = sourcecode.swift; path = TagAlertController.swift; sourceTree = "<group>"; };
		5DB3412C1B1D52F400694382 /* GCodeParser.swift */ = {isa = PBXFileReference; fileEncoding = 4; lastKnownFileType = sourcecode.swift; path = GCodeParser.swift; sourceTree = "<group>"; };
		5DB3412E1B1D549400694382 /* SeeClass.swift */ = {isa = PBXFileReference; fileEncoding = 4; lastKnownFileType = sourcecode.swift; path = SeeClass.swift; sourceTree = "<group>"; };
		5DB341301B1D77DB00694382 /* StreamReader.swift */ = {isa = PBXFileReference; fileEncoding = 4; lastKnownFileType = sourcecode.swift; path = StreamReader.swift; sourceTree = "<group>"; };
		5DC639C01B158EBC004ED2D4 /* CaptureView.m */ = {isa = PBXFileReference; fileEncoding = 4; lastKnownFileType = sourcecode.c.objc; path = CaptureView.m; sourceTree = "<group>"; };
		5DC639C21B158ECE004ED2D4 /* CaptureView.h */ = {isa = PBXFileReference; lastKnownFileType = sourcecode.c.h; path = CaptureView.h; sourceTree = "<group>"; };
		5DC639C31B158EE9004ED2D4 /* QuartzCore.framework */ = {isa = PBXFileReference; lastKnownFileType = wrapper.framework; name = QuartzCore.framework; path = System/Library/Frameworks/QuartzCore.framework; sourceTree = SDKROOT; };
/* End PBXFileReference section */

/* Begin PBXFrameworksBuildPhase section */
		5D7FEE1D1B0ED22400310DED /* Frameworks */ = {
			isa = PBXFrameworksBuildPhase;
			buildActionMask = 2147483647;
			files = (
				5DC639C41B158EE9004ED2D4 /* QuartzCore.framework in Frameworks */,
			);
			runOnlyForDeploymentPostprocessing = 0;
		};
		5D7FEE321B0ED22400310DED /* Frameworks */ = {
			isa = PBXFrameworksBuildPhase;
			buildActionMask = 2147483647;
			files = (
			);
			runOnlyForDeploymentPostprocessing = 0;
		};
/* End PBXFrameworksBuildPhase section */

/* Begin PBXGroup section */
		5D7FEE171B0ED22400310DED = {
			isa = PBXGroup;
			children = (
				5DC639C31B158EE9004ED2D4 /* QuartzCore.framework */,
				5D533BB01B13124D00EAFBEF /* MyBridgeHeader.m */,
				5D7FEE221B0ED22400310DED /* GCodeCamera */,
				5D7FEE381B0ED22400310DED /* GCodeCameraTests */,
				5D7FEE211B0ED22400310DED /* Products */,
				5D533BAF1B13124C00EAFBEF /* GCodeCamera-Bridging-Header.h */,
			);
			sourceTree = "<group>";
		};
		5D7FEE211B0ED22400310DED /* Products */ = {
			isa = PBXGroup;
			children = (
				5D7FEE201B0ED22400310DED /* GCodeCamera.app */,
				5D7FEE351B0ED22400310DED /* GCodeCameraTests.xctest */,
			);
			name = Products;
			sourceTree = "<group>";
		};
		5D7FEE221B0ED22400310DED /* GCodeCamera */ = {
			isa = PBXGroup;
			children = (
				5D533BB21B131DFE00EAFBEF /* GCodeCamera.entitlements */,
				5D7FEE251B0ED22400310DED /* AppDelegate.swift */,
				5D7FEE271B0ED22400310DED /* ViewController.swift */,
				5D7FEE291B0ED22400310DED /* Main.storyboard */,
				5D7FEE2C1B0ED22400310DED /* Images.xcassets */,
				5D7FEE2E1B0ED22400310DED /* LaunchScreen.xib */,
				5D7FEE231B0ED22400310DED /* Supporting Files */,
				5D7FEE451B0ED29E00310DED /* SettingController.swift */,
				5D7FEE471B0ED40900310DED /* Setting.swift */,
				5D7FEE491B0EF7E200310DED /* SettingCell.swift */,
				5D7FEE4B1B0F077700310DED /* Common.swift */,
				5D7FEE511B0F30CF00310DED /* MyExtensions.swift */,
				5D7FEE531B0F325300310DED /* TagAlertController.swift */,
				5D0618F31B147A8200C3DF27 /* CameraManager.swift */,
				5DC639C01B158EBC004ED2D4 /* CaptureView.m */,
				5DC639C21B158ECE004ED2D4 /* CaptureView.h */,
				5DB3412C1B1D52F400694382 /* GCodeParser.swift */,
				5DB3412E1B1D549400694382 /* SeeClass.swift */,
				5DB341301B1D77DB00694382 /* StreamReader.swift */,
			);
			path = GCodeCamera;
			sourceTree = "<group>";
		};
		5D7FEE231B0ED22400310DED /* Supporting Files */ = {
			isa = PBXGroup;
			children = (
				5D7FEE241B0ED22400310DED /* Info.plist */,
			);
			name = "Supporting Files";
			sourceTree = "<group>";
		};
		5D7FEE381B0ED22400310DED /* GCodeCameraTests */ = {
			isa = PBXGroup;
			children = (
				5D7FEE3B1B0ED22400310DED /* GCodeCameraTests.swift */,
				5D7FEE391B0ED22400310DED /* Supporting Files */,
			);
			path = GCodeCameraTests;
			sourceTree = "<group>";
		};
		5D7FEE391B0ED22400310DED /* Supporting Files */ = {
			isa = PBXGroup;
			children = (
				5D7FEE3A1B0ED22400310DED /* Info.plist */,
			);
			name = "Supporting Files";
			sourceTree = "<group>";
		};
/* End PBXGroup section */

/* Begin PBXNativeTarget section */
		5D7FEE1F1B0ED22400310DED /* GCodeCamera */ = {
			isa = PBXNativeTarget;
			buildConfigurationList = 5D7FEE3F1B0ED22400310DED /* Build configuration list for PBXNativeTarget "GCodeCamera" */;
			buildPhases = (
				5D7FEE1C1B0ED22400310DED /* Sources */,
				5D7FEE1D1B0ED22400310DED /* Frameworks */,
				5D7FEE1E1B0ED22400310DED /* Resources */,
			);
			buildRules = (
			);
			dependencies = (
			);
			name = GCodeCamera;
			productName = GCodeCamera;
			productReference = 5D7FEE201B0ED22400310DED /* GCodeCamera.app */;
			productType = "com.apple.product-type.application";
		};
		5D7FEE341B0ED22400310DED /* GCodeCameraTests */ = {
			isa = PBXNativeTarget;
			buildConfigurationList = 5D7FEE421B0ED22400310DED /* Build configuration list for PBXNativeTarget "GCodeCameraTests" */;
			buildPhases = (
				5D7FEE311B0ED22400310DED /* Sources */,
				5D7FEE321B0ED22400310DED /* Frameworks */,
				5D7FEE331B0ED22400310DED /* Resources */,
			);
			buildRules = (
			);
			dependencies = (
				5D7FEE371B0ED22400310DED /* PBXTargetDependency */,
			);
			name = GCodeCameraTests;
			productName = GCodeCameraTests;
			productReference = 5D7FEE351B0ED22400310DED /* GCodeCameraTests.xctest */;
			productType = "com.apple.product-type.bundle.unit-test";
		};
/* End PBXNativeTarget section */

/* Begin PBXProject section */
		5D7FEE181B0ED22400310DED /* Project object */ = {
			isa = PBXProject;
			attributes = {
				LastSwiftUpdateCheck = 0710;
				LastUpgradeCheck = 0630;
				ORGANIZATIONNAME = "郭 又鋼";
				TargetAttributes = {
					5D7FEE1F1B0ED22400310DED = {
						CreatedOnToolsVersion = 6.3;
						DevelopmentTeam = 6WTTLU5BY3;
						SystemCapabilities = {
							com.apple.iCloud = {
								enabled = 1;
							};
						};
					};
					5D7FEE341B0ED22400310DED = {
						CreatedOnToolsVersion = 6.3;
						TestTargetID = 5D7FEE1F1B0ED22400310DED;
					};
				};
			};
			buildConfigurationList = 5D7FEE1B1B0ED22400310DED /* Build configuration list for PBXProject "GCodeCamera" */;
			compatibilityVersion = "Xcode 3.2";
			developmentRegion = English;
			hasScannedForEncodings = 0;
			knownRegions = (
				en,
				Base,
			);
			mainGroup = 5D7FEE171B0ED22400310DED;
			productRefGroup = 5D7FEE211B0ED22400310DED /* Products */;
			projectDirPath = "";
			projectRoot = "";
			targets = (
				5D7FEE1F1B0ED22400310DED /* GCodeCamera */,
				5D7FEE341B0ED22400310DED /* GCodeCameraTests */,
			);
		};
/* End PBXProject section */

/* Begin PBXResourcesBuildPhase section */
		5D7FEE1E1B0ED22400310DED /* Resources */ = {
			isa = PBXResourcesBuildPhase;
			buildActionMask = 2147483647;
			files = (
				5D7FEE2B1B0ED22400310DED /* Main.storyboard in Resources */,
				5D7FEE301B0ED22400310DED /* LaunchScreen.xib in Resources */,
				5D7FEE2D1B0ED22400310DED /* Images.xcassets in Resources */,
			);
			runOnlyForDeploymentPostprocessing = 0;
		};
		5D7FEE331B0ED22400310DED /* Resources */ = {
			isa = PBXResourcesBuildPhase;
			buildActionMask = 2147483647;
			files = (
			);
			runOnlyForDeploymentPostprocessing = 0;
		};
/* End PBXResourcesBuildPhase section */

/* Begin PBXSourcesBuildPhase section */
		5D7FEE1C1B0ED22400310DED /* Sources */ = {
			isa = PBXSourcesBuildPhase;
			buildActionMask = 2147483647;
			files = (
				5D7FEE521B0F30CF00310DED /* MyExtensions.swift in Sources */,
				5D7FEE461B0ED29E00310DED /* SettingController.swift in Sources */,
				5D7FEE281B0ED22400310DED /* ViewController.swift in Sources */,
				5DB3412F1B1D549400694382 /* SeeClass.swift in Sources */,
				5DB3412D1B1D52F400694382 /* GCodeParser.swift in Sources */,
				5D7FEE541B0F325300310DED /* TagAlertController.swift in Sources */,
				5D0618F41B147A8200C3DF27 /* CameraManager.swift in Sources */,
				5D7FEE481B0ED40900310DED /* Setting.swift in Sources */,
				5D7FEE4A1B0EF7E200310DED /* SettingCell.swift in Sources */,
				5D7FEE4C1B0F077700310DED /* Common.swift in Sources */,
				5DB341311B1D77DB00694382 /* StreamReader.swift in Sources */,
				5D533BB11B13124D00EAFBEF /* MyBridgeHeader.m in Sources */,
				5D7FEE261B0ED22400310DED /* AppDelegate.swift in Sources */,
				5DC639C11B158EBC004ED2D4 /* CaptureView.m in Sources */,
			);
			runOnlyForDeploymentPostprocessing = 0;
		};
		5D7FEE311B0ED22400310DED /* Sources */ = {
			isa = PBXSourcesBuildPhase;
			buildActionMask = 2147483647;
			files = (
				5D7FEE3C1B0ED22400310DED /* GCodeCameraTests.swift in Sources */,
			);
			runOnlyForDeploymentPostprocessing = 0;
		};
/* End PBXSourcesBuildPhase section */

/* Begin PBXTargetDependency section */
		5D7FEE371B0ED22400310DED /* PBXTargetDependency */ = {
			isa = PBXTargetDependency;
			target = 5D7FEE1F1B0ED22400310DED /* GCodeCamera */;
			targetProxy = 5D7FEE361B0ED22400310DED /* PBXContainerItemProxy */;
		};
/* End PBXTargetDependency section */

/* Begin PBXVariantGroup section */
		5D7FEE291B0ED22400310DED /* Main.storyboard */ = {
			isa = PBXVariantGroup;
			children = (
				5D7FEE2A1B0ED22400310DED /* Base */,
			);
			name = Main.storyboard;
			sourceTree = "<group>";
		};
		5D7FEE2E1B0ED22400310DED /* LaunchScreen.xib */ = {
			isa = PBXVariantGroup;
			children = (
				5D7FEE2F1B0ED22400310DED /* Base */,
			);
			name = LaunchScreen.xib;
			sourceTree = "<group>";
		};
/* End PBXVariantGroup section */

/* Begin XCBuildConfiguration section */
		5D7FEE3D1B0ED22400310DED /* Debug */ = {
			isa = XCBuildConfiguration;
			buildSettings = {
				ALWAYS_SEARCH_USER_PATHS = NO;
				CLANG_CXX_LANGUAGE_STANDARD = "gnu++0x";
				CLANG_CXX_LIBRARY = "libc++";
				CLANG_ENABLE_MODULES = YES;
				CLANG_ENABLE_OBJC_ARC = YES;
				CLANG_WARN_BOOL_CONVERSION = YES;
				CLANG_WARN_CONSTANT_CONVERSION = YES;
				CLANG_WARN_DIRECT_OBJC_ISA_USAGE = YES_ERROR;
				CLANG_WARN_EMPTY_BODY = YES;
				CLANG_WARN_ENUM_CONVERSION = YES;
				CLANG_WARN_INT_CONVERSION = YES;
				CLANG_WARN_OBJC_ROOT_CLASS = YES_ERROR;
				CLANG_WARN_UNREACHABLE_CODE = YES;
				CLANG_WARN__DUPLICATE_METHOD_MATCH = YES;
				"CODE_SIGN_IDENTITY[sdk=iphoneos*]" = "iPhone Developer";
				COPY_PHASE_STRIP = NO;
				DEBUG_INFORMATION_FORMAT = "dwarf-with-dsym";
				ENABLE_STRICT_OBJC_MSGSEND = YES;
				GCC_C_LANGUAGE_STANDARD = gnu99;
				GCC_DYNAMIC_NO_PIC = NO;
				GCC_NO_COMMON_BLOCKS = YES;
				GCC_OPTIMIZATION_LEVEL = 0;
				GCC_PREPROCESSOR_DEFINITIONS = (
					"DEBUG=1",
					"$(inherited)",
				);
				GCC_SYMBOLS_PRIVATE_EXTERN = NO;
				GCC_WARN_64_TO_32_BIT_CONVERSION = YES;
				GCC_WARN_ABOUT_RETURN_TYPE = YES_ERROR;
				GCC_WARN_UNDECLARED_SELECTOR = YES;
				GCC_WARN_UNINITIALIZED_AUTOS = YES_AGGRESSIVE;
				GCC_WARN_UNUSED_FUNCTION = YES;
				GCC_WARN_UNUSED_VARIABLE = YES;
				IPHONEOS_DEPLOYMENT_TARGET = 8.3;
				MTL_ENABLE_DEBUG_INFO = YES;
				ONLY_ACTIVE_ARCH = YES;
				SDKROOT = iphoneos;
				SWIFT_OPTIMIZATION_LEVEL = "-Onone";
				TARGETED_DEVICE_FAMILY = "1,2";
			};
			name = Debug;
		};
		5D7FEE3E1B0ED22400310DED /* Release */ = {
			isa = XCBuildConfiguration;
			buildSettings = {
				ALWAYS_SEARCH_USER_PATHS = NO;
				CLANG_CXX_LANGUAGE_STANDARD = "gnu++0x";
				CLANG_CXX_LIBRARY = "libc++";
				CLANG_ENABLE_MODULES = YES;
				CLANG_ENABLE_OBJC_ARC = YES;
				CLANG_WARN_BOOL_CONVERSION = YES;
				CLANG_WARN_CONSTANT_CONVERSION = YES;
				CLANG_WARN_DIRECT_OBJC_ISA_USAGE = YES_ERROR;
				CLANG_WARN_EMPTY_BODY = YES;
				CLANG_WARN_ENUM_CONVERSION = YES;
				CLANG_WARN_INT_CONVERSION = YES;
				CLANG_WARN_OBJC_ROOT_CLASS = YES_ERROR;
				CLANG_WARN_UNREACHABLE_CODE = YES;
				CLANG_WARN__DUPLICATE_METHOD_MATCH = YES;
				"CODE_SIGN_IDENTITY[sdk=iphoneos*]" = "iPhone Developer";
				COPY_PHASE_STRIP = NO;
				DEBUG_INFORMATION_FORMAT = "dwarf-with-dsym";
				ENABLE_NS_ASSERTIONS = NO;
				ENABLE_STRICT_OBJC_MSGSEND = YES;
				GCC_C_LANGUAGE_STANDARD = gnu99;
				GCC_NO_COMMON_BLOCKS = YES;
				GCC_WARN_64_TO_32_BIT_CONVERSION = YES;
				GCC_WARN_ABOUT_RETURN_TYPE = YES_ERROR;
				GCC_WARN_UNDECLARED_SELECTOR = YES;
				GCC_WARN_UNINITIALIZED_AUTOS = YES_AGGRESSIVE;
				GCC_WARN_UNUSED_FUNCTION = YES;
				GCC_WARN_UNUSED_VARIABLE = YES;
				IPHONEOS_DEPLOYMENT_TARGET = 8.3;
				MTL_ENABLE_DEBUG_INFO = NO;
				SDKROOT = iphoneos;
				TARGETED_DEVICE_FAMILY = "1,2";
				VALIDATE_PRODUCT = YES;
			};
			name = Release;
		};
		5D7FEE401B0ED22400310DED /* Debug */ = {
			isa = XCBuildConfiguration;
			buildSettings = {
				ASSETCATALOG_COMPILER_APPICON_NAME = AppIcon;
				CLANG_ENABLE_MODULES = YES;
				CODE_SIGN_ENTITLEMENTS = GCodeCamera/GCodeCamera.entitlements;
				CODE_SIGN_IDENTITY = "iPhone Developer";
				"CODE_SIGN_IDENTITY[sdk=iphoneos*]" = "iPhone Developer";
				FRAMEWORK_SEARCH_PATHS = (
					"$(inherited)",
					"$(PROJECT_DIR)",
				);
				INFOPLIST_FILE = GCodeCamera/Info.plist;
				IPHONEOS_DEPLOYMENT_TARGET = 8.0;
				LD_RUNPATH_SEARCH_PATHS = "$(inherited) @executable_path/Frameworks";
				PRODUCT_NAME = "$(TARGET_NAME)";
				PROVISIONING_PROFILE = "";
				SWIFT_OBJC_BRIDGING_HEADER = "GCodeCamera-Bridging-Header.h";
				SWIFT_OPTIMIZATION_LEVEL = "-Onone";
			};
			name = Debug;
		};
		5D7FEE411B0ED22400310DED /* Release */ = {
			isa = XCBuildConfiguration;
			buildSettings = {
				ASSETCATALOG_COMPILER_APPICON_NAME = AppIcon;
				CLANG_ENABLE_MODULES = YES;
				CODE_SIGN_ENTITLEMENTS = GCodeCamera/GCodeCamera.entitlements;
				CODE_SIGN_IDENTITY = "iPhone Developer";
				"CODE_SIGN_IDENTITY[sdk=iphoneos*]" = "iPhone Developer";
				FRAMEWORK_SEARCH_PATHS = (
					"$(inherited)",
					"$(PROJECT_DIR)",
				);
				INFOPLIST_FILE = GCodeCamera/Info.plist;
				IPHONEOS_DEPLOYMENT_TARGET = 8.0;
				LD_RUNPATH_SEARCH_PATHS = "$(inherited) @executable_path/Frameworks";
				PRODUCT_NAME = "$(TARGET_NAME)";
				PROVISIONING_PROFILE = "";
				SWIFT_OBJC_BRIDGING_HEADER = "GCodeCamera-Bridging-Header.h";
			};
			name = Release;
		};
		5D7FEE431B0ED22400310DED /* Debug */ = {
			isa = XCBuildConfiguration;
			buildSettings = {
				BUNDLE_LOADER = "$(TEST_HOST)";
				FRAMEWORK_SEARCH_PATHS = (
					"$(SDKROOT)/Developer/Library/Frameworks",
					"$(inherited)",
				);
				GCC_PREPROCESSOR_DEFINITIONS = (
					"DEBUG=1",
					"$(inherited)",
				);
				INFOPLIST_FILE = GCodeCameraTests/Info.plist;
				LD_RUNPATH_SEARCH_PATHS = "$(inherited) @executable_path/Frameworks @loader_path/Frameworks";
				PRODUCT_NAME = "$(TARGET_NAME)";
				TEST_HOST = "$(BUILT_PRODUCTS_DIR)/GCodeCamera.app/GCodeCamera";
			};
			name = Debug;
		};
		5D7FEE441B0ED22400310DED /* Release */ = {
			isa = XCBuildConfiguration;
			buildSettings = {
				BUNDLE_LOADER = "$(TEST_HOST)";
				FRAMEWORK_SEARCH_PATHS = (
					"$(SDKROOT)/Developer/Library/Frameworks",
					"$(inherited)",
				);
				INFOPLIST_FILE = GCodeCameraTests/Info.plist;
				LD_RUNPATH_SEARCH_PATHS = "$(inherited) @executable_path/Frameworks @loader_path/Frameworks";
				PRODUCT_NAME = "$(TARGET_NAME)";
				TEST_HOST = "$(BUILT_PRODUCTS_DIR)/GCodeCamera.app/GCodeCamera";
			};
			name = Release;
		};
/* End XCBuildConfiguration section */

/* Begin XCConfigurationList section */
		5D7FEE1B1B0ED22400310DED /* Build configuration list for PBXProject "GCodeCamera" */ = {
			isa = XCConfigurationList;
			buildConfigurations = (
				5D7FEE3D1B0ED22400310DED /* Debug */,
				5D7FEE3E1B0ED22400310DED /* Release */,
			);
			defaultConfigurationIsVisible = 0;
			defaultConfigurationName = Release;
		};
		5D7FEE3F1B0ED22400310DED /* Build configuration list for PBXNativeTarget "GCodeCamera" */ = {
			isa = XCConfigurationList;
			buildConfigurations = (
				5D7FEE401B0ED22400310DED /* Debug */,
				5D7FEE411B0ED22400310DED /* Release */,
			);
			defaultConfigurationIsVisible = 0;
			defaultConfigurationName = Release;
		};
		5D7FEE421B0ED22400310DED /* Build configuration list for PBXNativeTarget "GCodeCameraTests" */ = {
			isa = XCConfigurationList;
			buildConfigurations = (
				5D7FEE431B0ED22400310DED /* Debug */,
				5D7FEE441B0ED22400310DED /* Release */,
			);
			defaultConfigurationIsVisible = 0;
			defaultConfigurationName = Release;
		};
/* End XCConfigurationList section */
	};
	rootObject = 5D7FEE181B0ED22400310DED /* Project object */;
}
